{
  "name": "darabonba",
  "lockfileVersion": 3,
  "requires": true,
  "packages": {
    "": {
      "dependencies": {
        "@darabonba/python-generator": "^2.0.9"
      }
    },
    "node_modules/@darabonba/annotation-parser": {
      "version": "1.0.1",
      "license": "Apache-2.0",
      "dependencies": {
        "@jacksontian/skyline": "1.1.0"
      }
    },
    "node_modules/@darabonba/parser": {
      "version": "2.1.8",
      "license": "MIT",
      "dependencies": {
        "@jacksontian/skyline": "^1.3.0",
        "strip-json-comments": "^3.1.1"
      }
    },
    "node_modules/@darabonba/parser/node_modules/@jacksontian/skyline": {
      "version": "1.3.0",
      "license": "MIT"
    },
    "node_modules/@darabonba/python-generator": {
      "version": "2.0.9",
      "resolved": "https://mirrors.tencent.com/npm/@darabonba/python-generator/-/python-generator-2.0.9.tgz",
      "integrity": "sha512-+C9lmFH5jaxs3KTLGEJAcwotuizB2lnnl79bFfj8BgNI5grqDtP26S+DuGcXheon6uOOHud2x5dGzOTPh46tyA==",
      "license": "Apache-2.0",
      "dependencies": {
        "@darabonba/annotation-parser": "^1.0.1",
        "@darabonba/parser": "^2.1.4",
        "enum": "^3.0.4"
      }
    },
    "node_modules/@jacksontian/skyline": {
      "version": "1.1.0",
      "license": "MIT"
    },
    "node_modules/enum": {
      "version": "3.0.4",
      "engines": {
        "node": ">=0.6.0"
      }
    },
    "node_modules/strip-json-comments": {
      "version": "3.1.1",
      "license": "MIT",
      "engines": {
        "node": ">=8"
      },
      "funding": {
        "url": "https://github.com/sponsors/sindresorhus"
      }
    }
  }
}
